
Microsoft Visual Studio Solution File, Format Version 12.00
# Visual Studio Version 17
VisualStudioVersion = 17.11.35222.181
MinimumVisualStudioVersion = 10.0.40219.1
Project("{FAE04EC0-301F-11D3-BF4B-00C04F79EFBC}") = "Fibonacci", "Fibonacci.csproj", "{70E0A5E7-395F-45F4-9F61-53A10EB366B3}"
EndProject
Global
	GlobalSection(SolutionConfigurationPlatforms) = preSolution
		Debug|Any CPU = Debug|Any CPU
		Release|Any CPU = Release|Any CPU
	EndGlobalSection
	GlobalSection(ProjectConfigurationPlatforms) = postSolution
		{70E0A5E7-395F-45F4-9F61-53A10EB366B3}.Debug|Any CPU.ActiveCfg = Debug|Any CPU
		{70E0A5E7-395F-45F4-9F61-53A10EB366B3}.Debug|Any CPU.Build.0 = Debug|Any CPU
		{70E0A5E7-395F-45F4-9F61-53A10EB366B3}.Release|Any CPU.ActiveCfg = Release|Any CPU
		{70E0A5E7-395F-45F4-9F61-53A10EB366B3}.Release|Any CPU.Build.0 = Release|Any CPU
	EndGlobalSection
	GlobalSection(SolutionProperties) = preSolution
		HideSolutionNode = FALSE
	EndGlobalSection
	GlobalSection(ExtensibilityGlobals) = postSolution
		SolutionGuid = {010EAA29-9FA4-4718-9E7A-24F53A143A01}
	EndGlobalSection
EndGlobal
